// !$*UTF8*$!
{
	archiveVersion = 1;
	classes = {
	};
	objectVersion = 51;
	objects = {

/* Begin PBXBuildFile section */
		9BE159FB844F0CEA852BBFC4 /* Pods_SWAVE.framework in Frameworks */ = {isa = PBXBuildFile; fileRef = 4449571BFAF3498AA3CF8C30 /* Pods_SWAVE.framework */; };
		C321FACA22D0A792009DB05A /* TopLabel.swift in Sources */ = {isa = PBXBuildFile; fileRef = C321FAC922D0A792009DB05A /* TopLabel.swift */; };
		C321FACC22D0ACB4009DB05A /* LoginVC.swift in Sources */ = {isa = PBXBuildFile; fileRef = C321FACB22D0ACB4009DB05A /* LoginVC.swift */; };
		C321FACE22D0ACC9009DB05A /* RegisterVC.swift in Sources */ = {isa = PBXBuildFile; fileRef = C321FACD22D0ACC9009DB05A /* RegisterVC.swift */; };
		C321FAD022D0ACE7009DB05A /* FeedVC.swift in Sources */ = {isa = PBXBuildFile; fileRef = C321FACF22D0ACE7009DB05A /* FeedVC.swift */; };
		C321FAD222D0ACFB009DB05A /* ProfileVC.swift in Sources */ = {isa = PBXBuildFile; fileRef = C321FAD122D0ACFB009DB05A /* ProfileVC.swift */; };
		C321FAD422D0AD24009DB05A /* NewFeedVC.swift in Sources */ = {isa = PBXBuildFile; fileRef = C321FAD322D0AD24009DB05A /* NewFeedVC.swift */; };
		C321FAD622D0AD38009DB05A /* FeedInfoVC.swift in Sources */ = {isa = PBXBuildFile; fileRef = C321FAD522D0AD38009DB05A /* FeedInfoVC.swift */; };
		C321FAD822D0B204009DB05A /* InputTextView.swift in Sources */ = {isa = PBXBuildFile; fileRef = C321FAD722D0B204009DB05A /* InputTextView.swift */; };
		C327D9D122D63FA70083537B /* AdjustKeyboardView.swift in Sources */ = {isa = PBXBuildFile; fileRef = C327D9D022D63FA70083537B /* AdjustKeyboardView.swift */; };
		C327D9D322D644280083537B /* KeyboardButton.swift in Sources */ = {isa = PBXBuildFile; fileRef = C327D9D222D644280083537B /* KeyboardButton.swift */; };
		C327D9D522D68D7B0083537B /* ReturnDelegate.swift in Sources */ = {isa = PBXBuildFile; fileRef = C327D9D422D68D7B0083537B /* ReturnDelegate.swift */; };
		C39AE5EB22D3B25D0075C224 /* AuthService.swift in Sources */ = {isa = PBXBuildFile; fileRef = C39AE5EA22D3B25D0075C224 /* AuthService.swift */; };
		C39AE5ED22D3B4480075C224 /* DataService.swift in Sources */ = {isa = PBXBuildFile; fileRef = C39AE5EC22D3B4480075C224 /* DataService.swift */; };
		C39AE5EF22D3DA560075C224 /* SettingsVC.swift in Sources */ = {isa = PBXBuildFile; fileRef = C39AE5EE22D3DA560075C224 /* SettingsVC.swift */; };
		C39AE5F122D3DD570075C224 /* AuthVC.swift in Sources */ = {isa = PBXBuildFile; fileRef = C39AE5F022D3DD570075C224 /* AuthVC.swift */; };
		C3A0A3CB22D759F8009D9258 /* GoogleService-Info.plist in Resources */ = {isa = PBXBuildFile; fileRef = C3A0A3CA22D759F7009D9258 /* GoogleService-Info.plist */; };
		C3A68B7322CFF2E9005F4F10 /* RoundedImage.swift in Sources */ = {isa = PBXBuildFile; fileRef = C3A68B7222CFF2E9005F4F10 /* RoundedImage.swift */; };
		C3A68B7622CFF33D005F4F10 /* Constants.swift in Sources */ = {isa = PBXBuildFile; fileRef = C3A68B7522CFF33D005F4F10 /* Constants.swift */; };
		C3A68B7822CFF526005F4F10 /* FeedCell.swift in Sources */ = {isa = PBXBuildFile; fileRef = C3A68B7722CFF526005F4F10 /* FeedCell.swift */; };
		C3A6D47422CF7CA900854FED /* AppDelegate.swift in Sources */ = {isa = PBXBuildFile; fileRef = C3A6D47322CF7CA900854FED /* AppDelegate.swift */; };
		C3A6D47922CF7CA900854FED /* Main.storyboard in Resources */ = {isa = PBXBuildFile; fileRef = C3A6D47722CF7CA900854FED /* Main.storyboard */; };
		C3A6D47B22CF7CAB00854FED /* Assets.xcassets in Resources */ = {isa = PBXBuildFile; fileRef = C3A6D47A22CF7CAB00854FED /* Assets.xcassets */; };
		C3A6D47E22CF7CAB00854FED /* LaunchScreen.storyboard in Resources */ = {isa = PBXBuildFile; fileRef = C3A6D47C22CF7CAB00854FED /* LaunchScreen.storyboard */; };
		C3A6D48B22CF821D00854FED /* PaddedTextField.swift in Sources */ = {isa = PBXBuildFile; fileRef = C3A6D48A22CF821D00854FED /* PaddedTextField.swift */; };
/* End PBXBuildFile section */

/* Begin PBXFileReference section */
		4449571BFAF3498AA3CF8C30 /* Pods_SWAVE.framework */ = {isa = PBXFileReference; explicitFileType = wrapper.framework; includeInIndex = 0; path = Pods_SWAVE.framework; sourceTree = BUILT_PRODUCTS_DIR; };
		6274FFBA2B09EAC9CCCEB59B /* Pods-SWAVE.release.xcconfig */ = {isa = PBXFileReference; includeInIndex = 1; lastKnownFileType = text.xcconfig; name = "Pods-SWAVE.release.xcconfig"; path = "Target Support Files/Pods-SWAVE/Pods-SWAVE.release.xcconfig"; sourceTree = "<group>"; };
		7F31E9BC99301DCA0EB3014E /* Pods-SWAVE.debug.xcconfig */ = {isa = PBXFileReference; includeInIndex = 1; lastKnownFileType = text.xcconfig; name = "Pods-SWAVE.debug.xcconfig"; path = "Target Support Files/Pods-SWAVE/Pods-SWAVE.debug.xcconfig"; sourceTree = "<group>"; };
		C321FAC922D0A792009DB05A /* TopLabel.swift */ = {isa = PBXFileReference; lastKnownFileType = sourcecode.swift; path = TopLabel.swift; sourceTree = "<group>"; };
		C321FACB22D0ACB4009DB05A /* LoginVC.swift */ = {isa = PBXFileReference; lastKnownFileType = sourcecode.swift; path = LoginVC.swift; sourceTree = "<group>"; };
		C321FACD22D0ACC9009DB05A /* RegisterVC.swift */ = {isa = PBXFileReference; lastKnownFileType = sourcecode.swift; path = RegisterVC.swift; sourceTree = "<group>"; };
		C321FACF22D0ACE7009DB05A /* FeedVC.swift */ = {isa = PBXFileReference; lastKnownFileType = sourcecode.swift; path = FeedVC.swift; sourceTree = "<group>"; };
		C321FAD122D0ACFB009DB05A /* ProfileVC.swift */ = {isa = PBXFileReference; lastKnownFileType = sourcecode.swift; path = ProfileVC.swift; sourceTree = "<group>"; };
		C321FAD322D0AD24009DB05A /* NewFeedVC.swift */ = {isa = PBXFileReference; lastKnownFileType = sourcecode.swift; path = NewFeedVC.swift; sourceTree = "<group>"; };
		C321FAD522D0AD38009DB05A /* FeedInfoVC.swift */ = {isa = PBXFileReference; lastKnownFileType = sourcecode.swift; path = FeedInfoVC.swift; sourceTree = "<group>"; };
		C321FAD722D0B204009DB05A /* InputTextView.swift */ = {isa = PBXFileReference; lastKnownFileType = sourcecode.swift; path = InputTextView.swift; sourceTree = "<group>"; };
		C327D9D022D63FA70083537B /* AdjustKeyboardView.swift */ = {isa = PBXFileReference; lastKnownFileType = sourcecode.swift; path = AdjustKeyboardView.swift; sourceTree = "<group>"; };
		C327D9D222D644280083537B /* KeyboardButton.swift */ = {isa = PBXFileReference; lastKnownFileType = sourcecode.swift; path = KeyboardButton.swift; sourceTree = "<group>"; };
		C327D9D422D68D7B0083537B /* ReturnDelegate.swift */ = {isa = PBXFileReference; lastKnownFileType = sourcecode.swift; path = ReturnDelegate.swift; sourceTree = "<group>"; };
		C39AE5EA22D3B25D0075C224 /* AuthService.swift */ = {isa = PBXFileReference; lastKnownFileType = sourcecode.swift; path = AuthService.swift; sourceTree = "<group>"; };
		C39AE5EC22D3B4480075C224 /* DataService.swift */ = {isa = PBXFileReference; lastKnownFileType = sourcecode.swift; path = DataService.swift; sourceTree = "<group>"; };
		C39AE5EE22D3DA560075C224 /* SettingsVC.swift */ = {isa = PBXFileReference; lastKnownFileType = sourcecode.swift; path = SettingsVC.swift; sourceTree = "<group>"; };
		C39AE5F022D3DD570075C224 /* AuthVC.swift */ = {isa = PBXFileReference; lastKnownFileType = sourcecode.swift; path = AuthVC.swift; sourceTree = "<group>"; };
		C3A0A3CA22D759F7009D9258 /* GoogleService-Info.plist */ = {isa = PBXFileReference; fileEncoding = 4; lastKnownFileType = text.plist.xml; path = "GoogleService-Info.plist"; sourceTree = "<group>"; };
		C3A68B7222CFF2E9005F4F10 /* RoundedImage.swift */ = {isa = PBXFileReference; lastKnownFileType = sourcecode.swift; path = RoundedImage.swift; sourceTree = "<group>"; };
		C3A68B7522CFF33D005F4F10 /* Constants.swift */ = {isa = PBXFileReference; lastKnownFileType = sourcecode.swift; path = Constants.swift; sourceTree = "<group>"; };
		C3A68B7722CFF526005F4F10 /* FeedCell.swift */ = {isa = PBXFileReference; lastKnownFileType = sourcecode.swift; path = FeedCell.swift; sourceTree = "<group>"; };
		C3A6D47022CF7CA900854FED /* SWAVE.app */ = {isa = PBXFileReference; explicitFileType = wrapper.application; includeInIndex = 0; path = SWAVE.app; sourceTree = BUILT_PRODUCTS_DIR; };
		C3A6D47322CF7CA900854FED /* AppDelegate.swift */ = {isa = PBXFileReference; lastKnownFileType = sourcecode.swift; path = AppDelegate.swift; sourceTree = "<group>"; };
		C3A6D47822CF7CA900854FED /* Base */ = {isa = PBXFileReference; lastKnownFileType = file.storyboard; name = Base; path = Base.lproj/Main.storyboard; sourceTree = "<group>"; };
		C3A6D47A22CF7CAB00854FED /* Assets.xcassets */ = {isa = PBXFileReference; lastKnownFileType = folder.assetcatalog; path = Assets.xcassets; sourceTree = "<group>"; };
		C3A6D47D22CF7CAB00854FED /* Base */ = {isa = PBXFileReference; lastKnownFileType = file.storyboard; name = Base; path = Base.lproj/LaunchScreen.storyboard; sourceTree = "<group>"; };
		C3A6D47F22CF7CAB00854FED /* Info.plist */ = {isa = PBXFileReference; lastKnownFileType = text.plist.xml; path = Info.plist; sourceTree = "<group>"; };
		C3A6D48A22CF821D00854FED /* PaddedTextField.swift */ = {isa = PBXFileReference; lastKnownFileType = sourcecode.swift; path = PaddedTextField.swift; sourceTree = "<group>"; };
/* End PBXFileReference section */

/* Begin PBXFrameworksBuildPhase section */
		C3A6D46D22CF7CA900854FED /* Frameworks */ = {
			isa = PBXFrameworksBuildPhase;
			buildActionMask = 2147483647;
			files = (
				9BE159FB844F0CEA852BBFC4 /* Pods_SWAVE.framework in Frameworks */,
			);
			runOnlyForDeploymentPostprocessing = 0;
		};
/* End PBXFrameworksBuildPhase section */

/* Begin PBXGroup section */
		21AD7938BAF03E8BF496697E /* Pods */ = {
			isa = PBXGroup;
			children = (
				7F31E9BC99301DCA0EB3014E /* Pods-SWAVE.debug.xcconfig */,
				6274FFBA2B09EAC9CCCEB59B /* Pods-SWAVE.release.xcconfig */,
			);
			path = Pods;
			sourceTree = "<group>";
		};
		AA1A9ECE82B0BFBE1C41580E /* Frameworks */ = {
			isa = PBXGroup;
			children = (
				4449571BFAF3498AA3CF8C30 /* Pods_SWAVE.framework */,
			);
			name = Frameworks;
			sourceTree = "<group>";
		};
		C327D9CD22D63EE60083537B /* ViewControllers */ = {
			isa = PBXGroup;
			children = (
				C327D9CF22D63F2E0083537B /* Other */,
				C327D9CE22D63EFF0083537B /* Delegates */,
				C321FACB22D0ACB4009DB05A /* LoginVC.swift */,
				C321FACD22D0ACC9009DB05A /* RegisterVC.swift */,
				C321FACF22D0ACE7009DB05A /* FeedVC.swift */,
				C321FAD122D0ACFB009DB05A /* ProfileVC.swift */,
				C321FAD322D0AD24009DB05A /* NewFeedVC.swift */,
				C321FAD522D0AD38009DB05A /* FeedInfoVC.swift */,
				C39AE5EE22D3DA560075C224 /* SettingsVC.swift */,
				C39AE5F022D3DD570075C224 /* AuthVC.swift */,
			);
			path = ViewControllers;
			sourceTree = "<group>";
		};
		C327D9CE22D63EFF0083537B /* Delegates */ = {
			isa = PBXGroup;
			children = (
				C327D9D422D68D7B0083537B /* ReturnDelegate.swift */,
			);
			path = Delegates;
			sourceTree = "<group>";
		};
		C327D9CF22D63F2E0083537B /* Other */ = {
			isa = PBXGroup;
			children = (
				C327D9D022D63FA70083537B /* AdjustKeyboardView.swift */,
				C327D9D222D644280083537B /* KeyboardButton.swift */,
			);
			path = Other;
			sourceTree = "<group>";
		};
		C39AE5E922D3B2330075C224 /* Services */ = {
			isa = PBXGroup;
			children = (
				C39AE5EA22D3B25D0075C224 /* AuthService.swift */,
				C39AE5EC22D3B4480075C224 /* DataService.swift */,
			);
			path = Services;
			sourceTree = "<group>";
		};
		C3A68B7422CFF315005F4F10 /* Settings */ = {
			isa = PBXGroup;
			children = (
				C3A68B7522CFF33D005F4F10 /* Constants.swift */,
			);
			path = Settings;
			sourceTree = "<group>";
		};
		C3A6D46722CF7CA900854FED = {
			isa = PBXGroup;
			children = (
				C3A6D47222CF7CA900854FED /* SWAVE */,
				C3A6D47122CF7CA900854FED /* Products */,
				21AD7938BAF03E8BF496697E /* Pods */,
				AA1A9ECE82B0BFBE1C41580E /* Frameworks */,
			);
			sourceTree = "<group>";
		};
		C3A6D47122CF7CA900854FED /* Products */ = {
			isa = PBXGroup;
			children = (
				C3A6D47022CF7CA900854FED /* SWAVE.app */,
			);
			name = Products;
			sourceTree = "<group>";
		};
		C3A6D47222CF7CA900854FED /* SWAVE */ = {
			isa = PBXGroup;
			children = (
				C3A68B7422CFF315005F4F10 /* Settings */,
				C39AE5E922D3B2330075C224 /* Services */,
				C3A6D48722CF819C00854FED /* Models */,
				C3A6D48822CF81C500854FED /* Views */,
				C3A6D48922CF81CB00854FED /* Controllers */,
				C3A6D47322CF7CA900854FED /* AppDelegate.swift */,
				C3A6D47722CF7CA900854FED /* Main.storyboard */,
				C3A6D47A22CF7CAB00854FED /* Assets.xcassets */,
				C3A6D47C22CF7CAB00854FED /* LaunchScreen.storyboard */,
				C3A0A3CA22D759F7009D9258 /* GoogleService-Info.plist */,
				C3A6D47F22CF7CAB00854FED /* Info.plist */,
			);
			path = SWAVE;
			sourceTree = "<group>";
		};
		C3A6D48722CF819C00854FED /* Models */ = {
			isa = PBXGroup;
			children = (
				C3A68B7722CFF526005F4F10 /* FeedCell.swift */,
			);
			path = Models;
			sourceTree = "<group>";
		};
		C3A6D48822CF81C500854FED /* Views */ = {
			isa = PBXGroup;
			children = (
				C3A6D48A22CF821D00854FED /* PaddedTextField.swift */,
				C321FAC922D0A792009DB05A /* TopLabel.swift */,
				C3A68B7222CFF2E9005F4F10 /* RoundedImage.swift */,
				C321FAD722D0B204009DB05A /* InputTextView.swift */,
			);
			path = Views;
			sourceTree = "<group>";
		};
		C3A6D48922CF81CB00854FED /* Controllers */ = {
			isa = PBXGroup;
			children = (
				C327D9CD22D63EE60083537B /* ViewControllers */,
			);
			path = Controllers;
			sourceTree = "<group>";
		};
/* End PBXGroup section */

/* Begin PBXNativeTarget section */
		C3A6D46F22CF7CA900854FED /* SWAVE */ = {
			isa = PBXNativeTarget;
			buildConfigurationList = C3A6D48222CF7CAB00854FED /* Build configuration list for PBXNativeTarget "SWAVE" */;
			buildPhases = (
				9EE60E048860E63761BE703C /* [CP] Check Pods Manifest.lock */,
				C3A6D46C22CF7CA900854FED /* Sources */,
				C3A6D46D22CF7CA900854FED /* Frameworks */,
				C3A6D46E22CF7CA900854FED /* Resources */,
				014259BCE104D76BD697A63E /* [CP] Embed Pods Frameworks */,
			);
			buildRules = (
			);
			dependencies = (
			);
			name = SWAVE;
			productName = SWAVE;
			productReference = C3A6D47022CF7CA900854FED /* SWAVE.app */;
			productType = "com.apple.product-type.application";
		};
/* End PBXNativeTarget section */

/* Begin PBXProject section */
		C3A6D46822CF7CA900854FED /* Project object */ = {
			isa = PBXProject;
			attributes = {
				LastSwiftUpdateCheck = 1020;
				LastUpgradeCheck = 1020;
				ORGANIZATIONNAME = "San Byn Nguyen";
				TargetAttributes = {
					C3A6D46F22CF7CA900854FED = {
						CreatedOnToolsVersion = 10.2.1;
					};
				};
			};
			buildConfigurationList = C3A6D46B22CF7CA900854FED /* Build configuration list for PBXProject "SWAVE" */;
			compatibilityVersion = "Xcode 9.3";
			developmentRegion = en;
			hasScannedForEncodings = 0;
			knownRegions = (
				en,
				Base,
			);
			mainGroup = C3A6D46722CF7CA900854FED;
			productRefGroup = C3A6D47122CF7CA900854FED /* Products */;
			projectDirPath = "";
			projectRoot = "";
			targets = (
				C3A6D46F22CF7CA900854FED /* SWAVE */,
			);
		};
/* End PBXProject section */

/* Begin PBXResourcesBuildPhase section */
		C3A6D46E22CF7CA900854FED /* Resources */ = {
			isa = PBXResourcesBuildPhase;
			buildActionMask = 2147483647;
			files = (
				C3A6D47E22CF7CAB00854FED /* LaunchScreen.storyboard in Resources */,
				C3A0A3CB22D759F8009D9258 /* GoogleService-Info.plist in Resources */,
				C3A6D47B22CF7CAB00854FED /* Assets.xcassets in Resources */,
				C3A6D47922CF7CA900854FED /* Main.storyboard in Resources */,
			);
			runOnlyForDeploymentPostprocessing = 0;
		};
/* End PBXResourcesBuildPhase section */

/* Begin PBXShellScriptBuildPhase section */
		014259BCE104D76BD697A63E /* [CP] Embed Pods Frameworks */ = {
			isa = PBXShellScriptBuildPhase;
			buildActionMask = 2147483647;
			files = (
			);
			inputFileListPaths = (
				"${PODS_ROOT}/Target Support Files/Pods-SWAVE/Pods-SWAVE-frameworks-${CONFIGURATION}-input-files.xcfilelist",
			);
			name = "[CP] Embed Pods Frameworks";
			outputFileListPaths = (
				"${PODS_ROOT}/Target Support Files/Pods-SWAVE/Pods-SWAVE-frameworks-${CONFIGURATION}-output-files.xcfilelist",
			);
			runOnlyForDeploymentPostprocessing = 0;
			shellPath = /bin/sh;
			shellScript = "\"${PODS_ROOT}/Target Support Files/Pods-SWAVE/Pods-SWAVE-frameworks.sh\"\n";
			showEnvVarsInLog = 0;
		};
		9EE60E048860E63761BE703C /* [CP] Check Pods Manifest.lock */ = {
			isa = PBXShellScriptBuildPhase;
			buildActionMask = 2147483647;
			files = (
			);
			inputFileListPaths = (
			);
			inputPaths = (
				"${PODS_PODFILE_DIR_PATH}/Podfile.lock",
				"${PODS_ROOT}/Manifest.lock",
			);
			name = "[CP] Check Pods Manifest.lock";
			outputFileListPaths = (
			);
			outputPaths = (
				"$(DERIVED_FILE_DIR)/Pods-SWAVE-checkManifestLockResult.txt",
			);
			runOnlyForDeploymentPostprocessing = 0;
			shellPath = /bin/sh;
			shellScript = "diff \"${PODS_PODFILE_DIR_PATH}/Podfile.lock\" \"${PODS_ROOT}/Manifest.lock\" > /dev/null\nif [ $? != 0 ] ; then\n    # print error to STDERR\n    echo \"error: The sandbox is not in sync with the Podfile.lock. Run 'pod install' or update your CocoaPods installation.\" >&2\n    exit 1\nfi\n# This output is used by Xcode 'outputs' to avoid re-running this script phase.\necho \"SUCCESS\" > \"${SCRIPT_OUTPUT_FILE_0}\"\n";
			showEnvVarsInLog = 0;
		};
/* End PBXShellScriptBuildPhase section */

/* Begin PBXSourcesBuildPhase section */
		C3A6D46C22CF7CA900854FED /* Sources */ = {
			isa = PBXSourcesBuildPhase;
			buildActionMask = 2147483647;
			files = (
				C321FAD222D0ACFB009DB05A /* ProfileVC.swift in Sources */,
				C321FAD022D0ACE7009DB05A /* FeedVC.swift in Sources */,
				C3A68B7622CFF33D005F4F10 /* Constants.swift in Sources */,
				C321FACE22D0ACC9009DB05A /* RegisterVC.swift in Sources */,
				C321FAD622D0AD38009DB05A /* FeedInfoVC.swift in Sources */,
				C327D9D322D644280083537B /* KeyboardButton.swift in Sources */,
				C39AE5EF22D3DA560075C224 /* SettingsVC.swift in Sources */,
				C39AE5F122D3DD570075C224 /* AuthVC.swift in Sources */,
				C3A6D48B22CF821D00854FED /* PaddedTextField.swift in Sources */,
				C321FACC22D0ACB4009DB05A /* LoginVC.swift in Sources */,
				C3A68B7322CFF2E9005F4F10 /* RoundedImage.swift in Sources */,
				C3A6D47422CF7CA900854FED /* AppDelegate.swift in Sources */,
				C39AE5ED22D3B4480075C224 /* DataService.swift in Sources */,
				C321FACA22D0A792009DB05A /* TopLabel.swift in Sources */,
				C327D9D522D68D7B0083537B /* ReturnDelegate.swift in Sources */,
				C321FAD422D0AD24009DB05A /* NewFeedVC.swift in Sources */,
				C327D9D122D63FA70083537B /* AdjustKeyboardView.swift in Sources */,
				C321FAD822D0B204009DB05A /* InputTextView.swift in Sources */,
				C3A68B7822CFF526005F4F10 /* FeedCell.swift in Sources */,
				C39AE5EB22D3B25D0075C224 /* AuthService.swift in Sources */,
			);
			runOnlyForDeploymentPostprocessing = 0;
		};
/* End PBXSourcesBuildPhase section */

/* Begin PBXVariantGroup section */
		C3A6D47722CF7CA900854FED /* Main.storyboard */ = {
			isa = PBXVariantGroup;
			children = (
				C3A6D47822CF7CA900854FED /* Base */,
			);
			name = Main.storyboard;
			sourceTree = "<group>";
		};
		C3A6D47C22CF7CAB00854FED /* LaunchScreen.storyboard */ = {
			isa = PBXVariantGroup;
			children = (
				C3A6D47D22CF7CAB00854FED /* Base */,
			);
			name = LaunchScreen.storyboard;
			sourceTree = "<group>";
		};
/* End PBXVariantGroup section */

/* Begin XCBuildConfiguration section */
		C3A6D48022CF7CAB00854FED /* Debug */ = {
			isa = XCBuildConfiguration;
			buildSettings = {
				ALWAYS_SEARCH_USER_PATHS = NO;
				CLANG_ANALYZER_NONNULL = YES;
				CLANG_ANALYZER_NUMBER_OBJECT_CONVERSION = YES_AGGRESSIVE;
				CLANG_CXX_LANGUAGE_STANDARD = "gnu++14";
				CLANG_CXX_LIBRARY = "libc++";
				CLANG_ENABLE_MODULES = YES;
				CLANG_ENABLE_OBJC_ARC = YES;
				CLANG_ENABLE_OBJC_WEAK = YES;
				CLANG_WARN_BLOCK_CAPTURE_AUTORELEASING = YES;
				CLANG_WARN_BOOL_CONVERSION = YES;
				CLANG_WARN_COMMA = YES;
				CLANG_WARN_CONSTANT_CONVERSION = YES;
				CLANG_WARN_DEPRECATED_OBJC_IMPLEMENTATIONS = YES;
				CLANG_WARN_DIRECT_OBJC_ISA_USAGE = YES_ERROR;
				CLANG_WARN_DOCUMENTATION_COMMENTS = YES;
				CLANG_WARN_EMPTY_BODY = YES;
				CLANG_WARN_ENUM_CONVERSION = YES;
				CLANG_WARN_INFINITE_RECURSION = YES;
				CLANG_WARN_INT_CONVERSION = YES;
				CLANG_WARN_NON_LITERAL_NULL_CONVERSION = YES;
				CLANG_WARN_OBJC_IMPLICIT_RETAIN_SELF = YES;
				CLANG_WARN_OBJC_LITERAL_CONVERSION = YES;
				CLANG_WARN_OBJC_ROOT_CLASS = YES_ERROR;
				CLANG_WARN_RANGE_LOOP_ANALYSIS = YES;
				CLANG_WARN_STRICT_PROTOTYPES = YES;
				CLANG_WARN_SUSPICIOUS_MOVE = YES;
				CLANG_WARN_UNGUARDED_AVAILABILITY = YES_AGGRESSIVE;
				CLANG_WARN_UNREACHABLE_CODE = YES;
				CLANG_WARN__DUPLICATE_METHOD_MATCH = YES;
				CODE_SIGN_IDENTITY = "iPhone Developer";
				COPY_PHASE_STRIP = NO;
				DEBUG_INFORMATION_FORMAT = dwarf;
				ENABLE_STRICT_OBJC_MSGSEND = YES;
				ENABLE_TESTABILITY = YES;
				GCC_C_LANGUAGE_STANDARD = gnu11;
				GCC_DYNAMIC_NO_PIC = NO;
				GCC_NO_COMMON_BLOCKS = YES;
				GCC_OPTIMIZATION_LEVEL = 0;
				GCC_PREPROCESSOR_DEFINITIONS = (
					"DEBUG=1",
					"$(inherited)",
				);
				GCC_WARN_64_TO_32_BIT_CONVERSION = YES;
				GCC_WARN_ABOUT_RETURN_TYPE = YES_ERROR;
				GCC_WARN_UNDECLARED_SELECTOR = YES;
				GCC_WARN_UNINITIALIZED_AUTOS = YES_AGGRESSIVE;
				GCC_WARN_UNUSED_FUNCTION = YES;
				GCC_WARN_UNUSED_VARIABLE = YES;
				IPHONEOS_DEPLOYMENT_TARGET = 12.2;
				MTL_ENABLE_DEBUG_INFO = INCLUDE_SOURCE;
				MTL_FAST_MATH = YES;
				ONLY_ACTIVE_ARCH = YES;
				SDKROOT = iphoneos;
				SWIFT_ACTIVE_COMPILATION_CONDITIONS = DEBUG;
				SWIFT_OPTIMIZATION_LEVEL = "-Onone";
			};
			name = Debug;
		};
		C3A6D48122CF7CAB00854FED /* Release */ = {
			isa = XCBuildConfiguration;
			buildSettings = {
				ALWAYS_SEARCH_USER_PATHS = NO;
				CLANG_ANALYZER_NONNULL = YES;
				CLANG_ANALYZER_NUMBER_OBJECT_CONVERSION = YES_AGGRESSIVE;
				CLANG_CXX_LANGUAGE_STANDARD = "gnu++14";
				CLANG_CXX_LIBRARY = "libc++";
				CLANG_ENABLE_MODULES = YES;
				CLANG_ENABLE_OBJC_ARC = YES;
				CLANG_ENABLE_OBJC_WEAK = YES;
				CLANG_WARN_BLOCK_CAPTURE_AUTORELEASING = YES;
				CLANG_WARN_BOOL_CONVERSION = YES;
				CLANG_WARN_COMMA = YES;
				CLANG_WARN_CONSTANT_CONVERSION = YES;
				CLANG_WARN_DEPRECATED_OBJC_IMPLEMENTATIONS = YES;
				CLANG_WARN_DIRECT_OBJC_ISA_USAGE = YES_ERROR;
				CLANG_WARN_DOCUMENTATION_COMMENTS = YES;
				CLANG_WARN_EMPTY_BODY = YES;
				CLANG_WARN_ENUM_CONVERSION = YES;
				CLANG_WARN_INFINITE_RECURSION = YES;
				CLANG_WARN_INT_CONVERSION = YES;
				CLANG_WARN_NON_LITERAL_NULL_CONVERSION = YES;
				CLANG_WARN_OBJC_IMPLICIT_RETAIN_SELF = YES;
				CLANG_WARN_OBJC_LITERAL_CONVERSION = YES;
				CLANG_WARN_OBJC_ROOT_CLASS = YES_ERROR;
				CLANG_WARN_RANGE_LOOP_ANALYSIS = YES;
				CLANG_WARN_STRICT_PROTOTYPES = YES;
				CLANG_WARN_SUSPICIOUS_MOVE = YES;
				CLANG_WARN_UNGUARDED_AVAILABILITY = YES_AGGRESSIVE;
				CLANG_WARN_UNREACHABLE_CODE = YES;
				CLANG_WARN__DUPLICATE_METHOD_MATCH = YES;
				CODE_SIGN_IDENTITY = "iPhone Developer";
				COPY_PHASE_STRIP = NO;
				DEBUG_INFORMATION_FORMAT = "dwarf-with-dsym";
				ENABLE_NS_ASSERTIONS = NO;
				ENABLE_STRICT_OBJC_MSGSEND = YES;
				GCC_C_LANGUAGE_STANDARD = gnu11;
				GCC_NO_COMMON_BLOCKS = YES;
				GCC_WARN_64_TO_32_BIT_CONVERSION = YES;
				GCC_WARN_ABOUT_RETURN_TYPE = YES_ERROR;
				GCC_WARN_UNDECLARED_SELECTOR = YES;
				GCC_WARN_UNINITIALIZED_AUTOS = YES_AGGRESSIVE;
				GCC_WARN_UNUSED_FUNCTION = YES;
				GCC_WARN_UNUSED_VARIABLE = YES;
				IPHONEOS_DEPLOYMENT_TARGET = 12.2;
				MTL_ENABLE_DEBUG_INFO = NO;
				MTL_FAST_MATH = YES;
				SDKROOT = iphoneos;
				SWIFT_COMPILATION_MODE = wholemodule;
				SWIFT_OPTIMIZATION_LEVEL = "-O";
				VALIDATE_PRODUCT = YES;
			};
			name = Release;
		};
		C3A6D48322CF7CAB00854FED /* Debug */ = {
			isa = XCBuildConfiguration;
			baseConfigurationReference = 7F31E9BC99301DCA0EB3014E /* Pods-SWAVE.debug.xcconfig */;
			buildSettings = {
				ASSETCATALOG_COMPILER_APPICON_NAME = AppIcon;
				CODE_SIGN_STYLE = Automatic;
				DEVELOPMENT_TEAM = WMEG8D675T;
				INFOPLIST_FILE = SWAVE/Info.plist;
				LD_RUNPATH_SEARCH_PATHS = (
					"$(inherited)",
					"@executable_path/Frameworks",
				);
				PRODUCT_BUNDLE_IDENTIFIER = ua.nguyen.SWAVE;
				PRODUCT_NAME = "$(TARGET_NAME)";
				SWIFT_VERSION = 5.0;
				TARGETED_DEVICE_FAMILY = "1,2";
			};
			name = Debug;
		};
		C3A6D48422CF7CAB00854FED /* Release */ = {
			isa = XCBuildConfiguration;
			baseConfigurationReference = 6274FFBA2B09EAC9CCCEB59B /* Pods-SWAVE.release.xcconfig */;
			buildSettings = {
				ASSETCATALOG_COMPILER_APPICON_NAME = AppIcon;
				CODE_SIGN_STYLE = Automatic;
				DEVELOPMENT_TEAM = WMEG8D675T;
				INFOPLIST_FILE = SWAVE/Info.plist;
				LD_RUNPATH_SEARCH_PATHS = (
					"$(inherited)",
					"@executable_path/Frameworks",
				);
				PRODUCT_BUNDLE_IDENTIFIER = ua.nguyen.SWAVE;
				PRODUCT_NAME = "$(TARGET_NAME)";
				SWIFT_VERSION = 5.0;
				TARGETED_DEVICE_FAMILY = "1,2";
			};
			name = Release;
		};
/* End XCBuildConfiguration section */

/* Begin XCConfigurationList section */
		C3A6D46B22CF7CA900854FED /* Build configuration list for PBXProject "SWAVE" */ = {
			isa = XCConfigurationList;
			buildConfigurations = (
				C3A6D48022CF7CAB00854FED /* Debug */,
				C3A6D48122CF7CAB00854FED /* Release */,
			);
			defaultConfigurationIsVisible = 0;
			defaultConfigurationName = Release;
		};
		C3A6D48222CF7CAB00854FED /* Build configuration list for PBXNativeTarget "SWAVE" */ = {
			isa = XCConfigurationList;
			buildConfigurations = (
				C3A6D48322CF7CAB00854FED /* Debug */,
				C3A6D48422CF7CAB00854FED /* Release */,
			);
			defaultConfigurationIsVisible = 0;
			defaultConfigurationName = Release;
		};
/* End XCConfigurationList section */
	};
	rootObject = C3A6D46822CF7CA900854FED /* Project object */;
}
